{
  "name": "@mark/utils",
  "version": "0.0.0",
  "lockfileVersion": 1,
  "requires": true,
  "dependencies": {
    "@types/http-status": {
      "version": "0.2.30",
      "resolved": "https://registry.npmjs.org/@types/http-status/-/http-status-0.2.30.tgz",
      "integrity": "sha512-wcBc5XEOMmhuoWfNhwnpw8+tVAsueUeARxCTcRQ0BCN5V/dyKQBJNWdxmvcZW5IJWoeU47UWQ+ACCg48KKnqyA=="
    },
    "@types/node": {
      "version": "8.10.10",
      "resolved": "https://registry.npmjs.org/@types/node/-/node-8.10.10.tgz",
      "integrity": "sha512-p3W/hFzQs76RlYRIZsZc5a9bht6m0TspmWYYbKhRswmLnwj9fsE40EbuGifeu/XWR/c0UJQ1DDbvTxIsm/OOAA=="
    },
    "blake2": {
      "version": "1.4.0",
      "resolved": "https://registry.npmjs.org/blake2/-/blake2-1.4.0.tgz",
      "integrity": "sha1-x3vxCMaO6DxfV9Me3vxr3v4Uw2g=",
      "requires": {
        "nan": "2.10.0"
      }
    },
    "blake2b": {
      "version": "2.1.2",
      "resolved": "https://registry.npmjs.org/blake2b/-/blake2b-2.1.2.tgz",
      "integrity": "sha1-aIDt3KNc/t6SxPsnJCITNPmJFFo=",
      "requires": {
        "blake2b-wasm": "1.1.7",
        "nanoassert": "1.1.0"
      }
    },
    "blake2b-wasm": {
      "version": "1.1.7",
      "resolved": "https://registry.npmjs.org/blake2b-wasm/-/blake2b-wasm-1.1.7.tgz",
      "integrity": "sha512-oFIHvXhlz/DUgF0kq5B1CqxIDjIJwh9iDeUUGQUcvgiGz7Wdw03McEO7CfLBy7QKGdsydcMCgO9jFNBAFCtFcA==",
      "requires": {
        "nanoassert": "1.1.0"
      }
    },
    "buffer-xor": {
      "version": "2.0.2",
      "resolved": "https://registry.npmjs.org/buffer-xor/-/buffer-xor-2.0.2.tgz",
      "integrity": "sha512-eHslX0bin3GB+Lx2p7lEYRShRewuNZL3fUl4qlVJGGiwoPGftmt8JQgk2Y9Ji5/01TnVDo33E5b5O3vUB1HdqQ==",
      "requires": {
        "safe-buffer": "5.1.2"
      }
    },
    "debug": {
      "version": "2.6.9",
      "resolved": "https://registry.npmjs.org/debug/-/debug-2.6.9.tgz",
      "integrity": "sha512-bC7ElrdJaJnPbAP+1EotYvqZsb3ecl5wi6Bfi6BJTUcNowp6cvspg0jXznRTKDjm/E7AdgFBVeAPVMNcKGsHMA==",
      "requires": {
        "ms": "2.0.0"
      }
    },
    "http-status": {
      "version": "1.0.1",
      "resolved": "https://registry.npmjs.org/http-status/-/http-status-1.0.1.tgz",
      "integrity": "sha1-3EMAGov8UKyH1IWokvdXiWS8lKI="
    },
    "ms": {
      "version": "2.0.0",
      "resolved": "https://registry.npmjs.org/ms/-/ms-2.0.0.tgz",
      "integrity": "sha1-VgiurfwAvmwpAd9fmGF4jeDVl8g="
    },
    "nan": {
      "version": "2.10.0",
      "resolved": "https://registry.npmjs.org/nan/-/nan-2.10.0.tgz",
      "integrity": "sha512-bAdJv7fBLhWC+/Bls0Oza+mvTaNQtP+1RyhhhvD95pgUJz6XM5IzgmxOkItJ9tkoCiplvAnXI1tNmmUD/eScyA=="
    },
    "nanoassert": {
      "version": "1.1.0",
      "resolved": "https://registry.npmjs.org/nanoassert/-/nanoassert-1.1.0.tgz",
      "integrity": "sha1-TzFS4JVA/eKMdvRLGbvNHVpCR40="
    },
    "safe-buffer": {
      "version": "5.1.2",
      "resolved": "https://registry.npmjs.org/safe-buffer/-/safe-buffer-5.1.2.tgz",
      "integrity": "sha512-Gd2UZBJDkXlY7GbJxfsE8/nvKkUEU1G38c1siN6QP6a9PT9MmHB8GnpscSmMJSoF8LOIrt8ud/wPtojys4G6+g=="
    }
  }
}
